
Microsoft Visual Studio Solution File, Format Version 12.00
# Visual Studio 15
VisualStudioVersion = 15.0.27703.2047
MinimumVisualStudioVersion = 10.0.40219.1
Project("{9A19103F-16F7-4668-BE54-9A1E7A4F7556}") = "NumericalMethods.Library", "NumericalMethods.Library\NumericalMethods.Library.csproj", "{CA27B457-21C6-43C7-B09E-F311C0529D1B}"
EndProject
Project("{FAE04EC0-301F-11D3-BF4B-00C04F79EFBC}") = "NumericalMethods.Tests", "NumericalMethods.Tests\NumericalMethods.Tests.csproj", "{95E27585-8038-4B15-A3CB-A7FBEFF66518}"
EndProject
Global
	GlobalSection(SolutionConfigurationPlatforms) = preSolution
		Debug|Any CPU = Debug|Any CPU
		Release|Any CPU = Release|Any CPU
	EndGlobalSection
	GlobalSection(ProjectConfigurationPlatforms) = postSolution
		{CA27B457-21C6-43C7-B09E-F311C0529D1B}.Debug|Any CPU.ActiveCfg = Debug|Any CPU
		{CA27B457-21C6-43C7-B09E-F311C0529D1B}.Debug|Any CPU.Build.0 = Debug|Any CPU
		{CA27B457-21C6-43C7-B09E-F311C0529D1B}.Release|Any CPU.ActiveCfg = Release|Any CPU
		{CA27B457-21C6-43C7-B09E-F311C0529D1B}.Release|Any CPU.Build.0 = Release|Any CPU
		{95E27585-8038-4B15-A3CB-A7FBEFF66518}.Debug|Any CPU.ActiveCfg = Debug|Any CPU
		{95E27585-8038-4B15-A3CB-A7FBEFF66518}.Debug|Any CPU.Build.0 = Debug|Any CPU
		{95E27585-8038-4B15-A3CB-A7FBEFF66518}.Release|Any CPU.ActiveCfg = Release|Any CPU
		{95E27585-8038-4B15-A3CB-A7FBEFF66518}.Release|Any CPU.Build.0 = Release|Any CPU
	EndGlobalSection
	GlobalSection(SolutionProperties) = preSolution
		HideSolutionNode = FALSE
	EndGlobalSection
	GlobalSection(ExtensibilityGlobals) = postSolution
		SolutionGuid = {5813FD97-3EF0-4288-A8F0-CF91C566374C}
	EndGlobalSection
EndGlobal
